
Microsoft Visual Studio Solution File, Format Version 12.00
# Visual Studio Version 17
VisualStudioVersion = 17.1.32210.238
MinimumVisualStudioVersion = 10.0.40219.1
Project("{FAE04EC0-301F-11D3-BF4B-00C04F79EFBC}") = "HW_8", "HW_8\HW_8.csproj", "{06279630-05E3-4691-9C73-C333FA2FAF91}"
EndProject
Global
	GlobalSection(SolutionConfigurationPlatforms) = preSolution
		Debug|Any CPU = Debug|Any CPU
		Release|Any CPU = Release|Any CPU
	EndGlobalSection
	GlobalSection(ProjectConfigurationPlatforms) = postSolution
		{06279630-05E3-4691-9C73-C333FA2FAF91}.Debug|Any CPU.ActiveCfg = Debug|Any CPU
		{06279630-05E3-4691-9C73-C333FA2FAF91}.Debug|Any CPU.Build.0 = Debug|Any CPU
		{06279630-05E3-4691-9C73-C333FA2FAF91}.Release|Any CPU.ActiveCfg = Release|Any CPU
		{06279630-05E3-4691-9C73-C333FA2FAF91}.Release|Any CPU.Build.0 = Release|Any CPU
	EndGlobalSection
	GlobalSection(SolutionProperties) = preSolution
		HideSolutionNode = FALSE
	EndGlobalSection
	GlobalSection(ExtensibilityGlobals) = postSolution
		SolutionGuid = {CE9D3DF7-242A-4220-A9B0-CC0FE22DF135}
	EndGlobalSection
EndGlobal
